
Microsoft Visual Studio Solution File, Format Version 11.00
# Visual Studio 2010
Project("{FAE04EC0-301F-11D3-BF4B-00C04F79EFBC}") = "NetServer", "NetServer\NetServer\NetServer.csproj", "{8D9A0B91-E5E0-47E7-BF0F-DB7B587737A3}"
EndProject
Project("{FAE04EC0-301F-11D3-BF4B-00C04F79EFBC}") = "NetClient", "NetClient\NetClient.csproj", "{F8C3050D-C69A-4433-A2A5-5112F8640BA5}"
EndProject
Project("{FAE04EC0-301F-11D3-BF4B-00C04F79EFBC}") = "NetClassLibrary", "NetClassLibrary\NetClassLibrary.csproj", "{CDD51775-A53B-4322-80B1-64A44473FBA4}"
EndProject
Global
	GlobalSection(SolutionConfigurationPlatforms) = preSolution
		Debug|Any CPU = Debug|Any CPU
		Debug|Mixed Platforms = Debug|Mixed Platforms
		Debug|x86 = Debug|x86
		Release|Any CPU = Release|Any CPU
		Release|Mixed Platforms = Release|Mixed Platforms
		Release|x86 = Release|x86
	EndGlobalSection
	GlobalSection(ProjectConfigurationPlatforms) = postSolution
		{8D9A0B91-E5E0-47E7-BF0F-DB7B587737A3}.Debug|Any CPU.ActiveCfg = Debug|x86
		{8D9A0B91-E5E0-47E7-BF0F-DB7B587737A3}.Debug|Mixed Platforms.ActiveCfg = Debug|x86
		{8D9A0B91-E5E0-47E7-BF0F-DB7B587737A3}.Debug|Mixed Platforms.Build.0 = Debug|x86
		{8D9A0B91-E5E0-47E7-BF0F-DB7B587737A3}.Debug|x86.ActiveCfg = Debug|x86
		{8D9A0B91-E5E0-47E7-BF0F-DB7B587737A3}.Debug|x86.Build.0 = Debug|x86
		{8D9A0B91-E5E0-47E7-BF0F-DB7B587737A3}.Release|Any CPU.ActiveCfg = Release|x86
		{8D9A0B91-E5E0-47E7-BF0F-DB7B587737A3}.Release|Mixed Platforms.ActiveCfg = Release|x86
		{8D9A0B91-E5E0-47E7-BF0F-DB7B587737A3}.Release|Mixed Platforms.Build.0 = Release|x86
		{8D9A0B91-E5E0-47E7-BF0F-DB7B587737A3}.Release|x86.ActiveCfg = Release|x86
		{8D9A0B91-E5E0-47E7-BF0F-DB7B587737A3}.Release|x86.Build.0 = Release|x86
		{F8C3050D-C69A-4433-A2A5-5112F8640BA5}.Debug|Any CPU.ActiveCfg = Debug|x86
		{F8C3050D-C69A-4433-A2A5-5112F8640BA5}.Debug|Mixed Platforms.ActiveCfg = Debug|x86
		{F8C3050D-C69A-4433-A2A5-5112F8640BA5}.Debug|Mixed Platforms.Build.0 = Debug|x86
		{F8C3050D-C69A-4433-A2A5-5112F8640BA5}.Debug|x86.ActiveCfg = Debug|x86
		{F8C3050D-C69A-4433-A2A5-5112F8640BA5}.Debug|x86.Build.0 = Debug|x86
		{F8C3050D-C69A-4433-A2A5-5112F8640BA5}.Release|Any CPU.ActiveCfg = Release|x86
		{F8C3050D-C69A-4433-A2A5-5112F8640BA5}.Release|Mixed Platforms.ActiveCfg = Release|x86
		{F8C3050D-C69A-4433-A2A5-5112F8640BA5}.Release|Mixed Platforms.Build.0 = Release|x86
		{F8C3050D-C69A-4433-A2A5-5112F8640BA5}.Release|x86.ActiveCfg = Release|x86
		{F8C3050D-C69A-4433-A2A5-5112F8640BA5}.Release|x86.Build.0 = Release|x86
		{CDD51775-A53B-4322-80B1-64A44473FBA4}.Debug|Any CPU.ActiveCfg = Debug|Any CPU
		{CDD51775-A53B-4322-80B1-64A44473FBA4}.Debug|Any CPU.Build.0 = Debug|Any CPU
		{CDD51775-A53B-4322-80B1-64A44473FBA4}.Debug|Mixed Platforms.ActiveCfg = Debug|Any CPU
		{CDD51775-A53B-4322-80B1-64A44473FBA4}.Debug|Mixed Platforms.Build.0 = Debug|Any CPU
		{CDD51775-A53B-4322-80B1-64A44473FBA4}.Debug|x86.ActiveCfg = Debug|Any CPU
		{CDD51775-A53B-4322-80B1-64A44473FBA4}.Release|Any CPU.ActiveCfg = Release|Any CPU
		{CDD51775-A53B-4322-80B1-64A44473FBA4}.Release|Any CPU.Build.0 = Release|Any CPU
		{CDD51775-A53B-4322-80B1-64A44473FBA4}.Release|Mixed Platforms.ActiveCfg = Release|Any CPU
		{CDD51775-A53B-4322-80B1-64A44473FBA4}.Release|Mixed Platforms.Build.0 = Release|Any CPU
		{CDD51775-A53B-4322-80B1-64A44473FBA4}.Release|x86.ActiveCfg = Release|Any CPU
	EndGlobalSection
	GlobalSection(SolutionProperties) = preSolution
		HideSolutionNode = FALSE
	EndGlobalSection
EndGlobal
