
Microsoft Visual Studio Solution File, Format Version 12.00
# Visual Studio 15
VisualStudioVersion = 15.0.28307.421
MinimumVisualStudioVersion = 10.0.40219.1
Project("{FAE04EC0-301F-11D3-BF4B-00C04F79EFBC}") = "WindowsFormsClientfile", "WindowsFormsClientfile\WindowsFormsClientfile.csproj", "{1B98D6C5-1E9C-488C-AF52-CF6BD51F656D}"
EndProject
Global
	GlobalSection(SolutionConfigurationPlatforms) = preSolution
		Debug|Any CPU = Debug|Any CPU
		Release|Any CPU = Release|Any CPU
	EndGlobalSection
	GlobalSection(ProjectConfigurationPlatforms) = postSolution
		{1B98D6C5-1E9C-488C-AF52-CF6BD51F656D}.Debug|Any CPU.ActiveCfg = Debug|Any CPU
		{1B98D6C5-1E9C-488C-AF52-CF6BD51F656D}.Debug|Any CPU.Build.0 = Debug|Any CPU
		{1B98D6C5-1E9C-488C-AF52-CF6BD51F656D}.Release|Any CPU.ActiveCfg = Release|Any CPU
		{1B98D6C5-1E9C-488C-AF52-CF6BD51F656D}.Release|Any CPU.Build.0 = Release|Any CPU
	EndGlobalSection
	GlobalSection(SolutionProperties) = preSolution
		HideSolutionNode = FALSE
	EndGlobalSection
	GlobalSection(ExtensibilityGlobals) = postSolution
		SolutionGuid = {2E14DF51-D7E0-41FC-BDC8-6BFC79AC760D}
	EndGlobalSection
EndGlobal
