
Microsoft Visual Studio Solution File, Format Version 12.00
# Visual Studio 15
VisualStudioVersion = 15.0.28307.421
MinimumVisualStudioVersion = 10.0.40219.1
Project("{FAE04EC0-301F-11D3-BF4B-00C04F79EFBC}") = "WindowsFormsServerfile", "WindowsFormsServerfile\WindowsFormsServerfile.csproj", "{CA0109D1-5F81-4247-9109-E0FD5BD22730}"
EndProject
Global
	GlobalSection(SolutionConfigurationPlatforms) = preSolution
		Debug|Any CPU = Debug|Any CPU
		Release|Any CPU = Release|Any CPU
	EndGlobalSection
	GlobalSection(ProjectConfigurationPlatforms) = postSolution
		{CA0109D1-5F81-4247-9109-E0FD5BD22730}.Debug|Any CPU.ActiveCfg = Debug|Any CPU
		{CA0109D1-5F81-4247-9109-E0FD5BD22730}.Debug|Any CPU.Build.0 = Debug|Any CPU
		{CA0109D1-5F81-4247-9109-E0FD5BD22730}.Release|Any CPU.ActiveCfg = Release|Any CPU
		{CA0109D1-5F81-4247-9109-E0FD5BD22730}.Release|Any CPU.Build.0 = Release|Any CPU
	EndGlobalSection
	GlobalSection(SolutionProperties) = preSolution
		HideSolutionNode = FALSE
	EndGlobalSection
	GlobalSection(ExtensibilityGlobals) = postSolution
		SolutionGuid = {494E06F0-A0A1-4C79-85A2-4EE13BA44E34}
	EndGlobalSection
EndGlobal
